
Microsoft Visual Studio Solution File, Format Version 12.00
# Visual Studio 2013
VisualStudioVersion = 12.0.31101.0
MinimumVisualStudioVersion = 10.0.40219.1
Project("{FAE04EC0-301F-11D3-BF4B-00C04F79EFBC}") = "CrudXL", "CrudXL\CrudXL.csproj", "{4003B149-7E45-4A2F-B8A7-8C0C1ADF83A6}"
EndProject
Project("{2150E333-8FDC-42A3-9474-1A3956D46DE8}") = ".nuget", ".nuget", "{BD5A0E1A-ED5E-4198-AC7A-284350309E0B}"
	ProjectSection(SolutionItems) = preProject
		.nuget\packages.config = .nuget\packages.config
	EndProjectSection
EndProject
Global
	GlobalSection(SolutionConfigurationPlatforms) = preSolution
		Debug|Any CPU = Debug|Any CPU
		Debug|x64 = Debug|x64
		Release|Any CPU = Release|Any CPU
		Release|x64 = Release|x64
		Test|Any CPU = Test|Any CPU
		Test|x64 = Test|x64
	EndGlobalSection
	GlobalSection(ProjectConfigurationPlatforms) = postSolution
		{4003B149-7E45-4A2F-B8A7-8C0C1ADF83A6}.Debug|Any CPU.ActiveCfg = Debug|Any CPU
		{4003B149-7E45-4A2F-B8A7-8C0C1ADF83A6}.Debug|Any CPU.Build.0 = Debug|Any CPU
		{4003B149-7E45-4A2F-B8A7-8C0C1ADF83A6}.Debug|x64.ActiveCfg = Debug|x64
		{4003B149-7E45-4A2F-B8A7-8C0C1ADF83A6}.Debug|x64.Build.0 = Debug|x64
		{4003B149-7E45-4A2F-B8A7-8C0C1ADF83A6}.Release|Any CPU.ActiveCfg = Release|Any CPU
		{4003B149-7E45-4A2F-B8A7-8C0C1ADF83A6}.Release|Any CPU.Build.0 = Release|Any CPU
		{4003B149-7E45-4A2F-B8A7-8C0C1ADF83A6}.Release|x64.ActiveCfg = Release|x64
		{4003B149-7E45-4A2F-B8A7-8C0C1ADF83A6}.Release|x64.Build.0 = Release|x64
		{4003B149-7E45-4A2F-B8A7-8C0C1ADF83A6}.Test|Any CPU.ActiveCfg = Test|Any CPU
		{4003B149-7E45-4A2F-B8A7-8C0C1ADF83A6}.Test|Any CPU.Build.0 = Test|Any CPU
		{4003B149-7E45-4A2F-B8A7-8C0C1ADF83A6}.Test|x64.ActiveCfg = Test|x64
		{4003B149-7E45-4A2F-B8A7-8C0C1ADF83A6}.Test|x64.Build.0 = Test|x64
	EndGlobalSection
	GlobalSection(SolutionProperties) = preSolution
		HideSolutionNode = FALSE
	EndGlobalSection
EndGlobal
